
Microsoft Visual Studio Solution File, Format Version 12.00
# Visual Studio Version 16
VisualStudioVersion = 16.0.29613.14
MinimumVisualStudioVersion = 15.0.26124.0
Project("{6EC3EE1D-3C4E-46DD-8F32-0CC8E7565705}") = "Micro.EventStore.Abstractions", "Micro.EventStore.Abstractions\Micro.EventStore.Abstractions.fsproj", "{688675E2-4904-4E24-88D7-9CB1405BCB18}"
EndProject
Project("{6EC3EE1D-3C4E-46DD-8F32-0CC8E7565705}") = "Micro.Azure.Tables", "Micro.Azure.Tables\Micro.Azure.Tables.fsproj", "{D7C9B498-76F3-4F3C-8D3E-A6DB3535370A}"
EndProject
Project("{6EC3EE1D-3C4E-46DD-8F32-0CC8E7565705}") = "Micro.EventStore.Azure.Tables", "Micro.EventStore.Azure.Tables\Micro.EventStore.Azure.Tables.fsproj", "{D1B48D28-D359-4677-8D8C-5340AA4D72AA}"
EndProject
Global
	GlobalSection(SolutionConfigurationPlatforms) = preSolution
		Debug|Any CPU = Debug|Any CPU
		Debug|x64 = Debug|x64
		Debug|x86 = Debug|x86
		Release|Any CPU = Release|Any CPU
		Release|x64 = Release|x64
		Release|x86 = Release|x86
	EndGlobalSection
	GlobalSection(ProjectConfigurationPlatforms) = postSolution
		{688675E2-4904-4E24-88D7-9CB1405BCB18}.Debug|Any CPU.ActiveCfg = Debug|Any CPU
		{688675E2-4904-4E24-88D7-9CB1405BCB18}.Debug|Any CPU.Build.0 = Debug|Any CPU
		{688675E2-4904-4E24-88D7-9CB1405BCB18}.Debug|x64.ActiveCfg = Debug|Any CPU
		{688675E2-4904-4E24-88D7-9CB1405BCB18}.Debug|x64.Build.0 = Debug|Any CPU
		{688675E2-4904-4E24-88D7-9CB1405BCB18}.Debug|x86.ActiveCfg = Debug|Any CPU
		{688675E2-4904-4E24-88D7-9CB1405BCB18}.Debug|x86.Build.0 = Debug|Any CPU
		{688675E2-4904-4E24-88D7-9CB1405BCB18}.Release|Any CPU.ActiveCfg = Release|Any CPU
		{688675E2-4904-4E24-88D7-9CB1405BCB18}.Release|Any CPU.Build.0 = Release|Any CPU
		{688675E2-4904-4E24-88D7-9CB1405BCB18}.Release|x64.ActiveCfg = Release|Any CPU
		{688675E2-4904-4E24-88D7-9CB1405BCB18}.Release|x64.Build.0 = Release|Any CPU
		{688675E2-4904-4E24-88D7-9CB1405BCB18}.Release|x86.ActiveCfg = Release|Any CPU
		{688675E2-4904-4E24-88D7-9CB1405BCB18}.Release|x86.Build.0 = Release|Any CPU
		{D7C9B498-76F3-4F3C-8D3E-A6DB3535370A}.Debug|Any CPU.ActiveCfg = Debug|Any CPU
		{D7C9B498-76F3-4F3C-8D3E-A6DB3535370A}.Debug|Any CPU.Build.0 = Debug|Any CPU
		{D7C9B498-76F3-4F3C-8D3E-A6DB3535370A}.Debug|x64.ActiveCfg = Debug|Any CPU
		{D7C9B498-76F3-4F3C-8D3E-A6DB3535370A}.Debug|x64.Build.0 = Debug|Any CPU
		{D7C9B498-76F3-4F3C-8D3E-A6DB3535370A}.Debug|x86.ActiveCfg = Debug|Any CPU
		{D7C9B498-76F3-4F3C-8D3E-A6DB3535370A}.Debug|x86.Build.0 = Debug|Any CPU
		{D7C9B498-76F3-4F3C-8D3E-A6DB3535370A}.Release|Any CPU.ActiveCfg = Release|Any CPU
		{D7C9B498-76F3-4F3C-8D3E-A6DB3535370A}.Release|Any CPU.Build.0 = Release|Any CPU
		{D7C9B498-76F3-4F3C-8D3E-A6DB3535370A}.Release|x64.ActiveCfg = Release|Any CPU
		{D7C9B498-76F3-4F3C-8D3E-A6DB3535370A}.Release|x64.Build.0 = Release|Any CPU
		{D7C9B498-76F3-4F3C-8D3E-A6DB3535370A}.Release|x86.ActiveCfg = Release|Any CPU
		{D7C9B498-76F3-4F3C-8D3E-A6DB3535370A}.Release|x86.Build.0 = Release|Any CPU
		{D1B48D28-D359-4677-8D8C-5340AA4D72AA}.Debug|Any CPU.ActiveCfg = Debug|Any CPU
		{D1B48D28-D359-4677-8D8C-5340AA4D72AA}.Debug|Any CPU.Build.0 = Debug|Any CPU
		{D1B48D28-D359-4677-8D8C-5340AA4D72AA}.Debug|x64.ActiveCfg = Debug|Any CPU
		{D1B48D28-D359-4677-8D8C-5340AA4D72AA}.Debug|x64.Build.0 = Debug|Any CPU
		{D1B48D28-D359-4677-8D8C-5340AA4D72AA}.Debug|x86.ActiveCfg = Debug|Any CPU
		{D1B48D28-D359-4677-8D8C-5340AA4D72AA}.Debug|x86.Build.0 = Debug|Any CPU
		{D1B48D28-D359-4677-8D8C-5340AA4D72AA}.Release|Any CPU.ActiveCfg = Release|Any CPU
		{D1B48D28-D359-4677-8D8C-5340AA4D72AA}.Release|Any CPU.Build.0 = Release|Any CPU
		{D1B48D28-D359-4677-8D8C-5340AA4D72AA}.Release|x64.ActiveCfg = Release|Any CPU
		{D1B48D28-D359-4677-8D8C-5340AA4D72AA}.Release|x64.Build.0 = Release|Any CPU
		{D1B48D28-D359-4677-8D8C-5340AA4D72AA}.Release|x86.ActiveCfg = Release|Any CPU
		{D1B48D28-D359-4677-8D8C-5340AA4D72AA}.Release|x86.Build.0 = Release|Any CPU
	EndGlobalSection
	GlobalSection(SolutionProperties) = preSolution
		HideSolutionNode = FALSE
	EndGlobalSection
	GlobalSection(ExtensibilityGlobals) = postSolution
		SolutionGuid = {01888108-992D-49DF-8A5C-D2D936A51EBF}
	EndGlobalSection
EndGlobal
